// !$*UTF8*$!
{
	archiveVersion = 1;
	classes = {
	};
	objectVersion = 50;
	objects = {

/* Begin PBXBuildFile section */
		1F749ED6216DB94500ECBF4A /* AppDelegate.swift in Sources */ = {isa = PBXBuildFile; fileRef = 1F749ED5216DB94500ECBF4A /* AppDelegate.swift */; };
		1F749ED8216DB94500ECBF4A /* ViewController.swift in Sources */ = {isa = PBXBuildFile; fileRef = 1F749ED7216DB94500ECBF4A /* ViewController.swift */; };
		1F749EDB216DB94500ECBF4A /* Main.storyboard in Resources */ = {isa = PBXBuildFile; fileRef = 1F749ED9216DB94500ECBF4A /* Main.storyboard */; };
		1F749EDE216DB94500ECBF4A /* Alamofire123.xcdatamodeld in Sources */ = {isa = PBXBuildFile; fileRef = 1F749EDC216DB94500ECBF4A /* Alamofire123.xcdatamodeld */; };
		1F749EE0216DB94E00ECBF4A /* Assets.xcassets in Resources */ = {isa = PBXBuildFile; fileRef = 1F749EDF216DB94E00ECBF4A /* Assets.xcassets */; };
		1F749EE3216DB94E00ECBF4A /* LaunchScreen.storyboard in Resources */ = {isa = PBXBuildFile; fileRef = 1F749EE1216DB94E00ECBF4A /* LaunchScreen.storyboard */; };
/* End PBXBuildFile section */

/* Begin PBXFileReference section */
		1F749ED2216DB94500ECBF4A /* Alamofire123.app */ = {isa = PBXFileReference; explicitFileType = wrapper.application; includeInIndex = 0; path = Alamofire123.app; sourceTree = BUILT_PRODUCTS_DIR; };
		1F749ED5216DB94500ECBF4A /* AppDelegate.swift */ = {isa = PBXFileReference; lastKnownFileType = sourcecode.swift; path = AppDelegate.swift; sourceTree = "<group>"; };
		1F749ED7216DB94500ECBF4A /* ViewController.swift */ = {isa = PBXFileReference; lastKnownFileType = sourcecode.swift; path = ViewController.swift; sourceTree = "<group>"; };
		1F749EDA216DB94500ECBF4A /* Base */ = {isa = PBXFileReference; lastKnownFileType = file.storyboard; name = Base; path = Base.lproj/Main.storyboard; sourceTree = "<group>"; };
		1F749EDD216DB94500ECBF4A /* Alamofire123.xcdatamodel */ = {isa = PBXFileReference; lastKnownFileType = wrapper.xcdatamodel; path = Alamofire123.xcdatamodel; sourceTree = "<group>"; };
		1F749EDF216DB94E00ECBF4A /* Assets.xcassets */ = {isa = PBXFileReference; lastKnownFileType = folder.assetcatalog; path = Assets.xcassets; sourceTree = "<group>"; };
		1F749EE2216DB94E00ECBF4A /* Base */ = {isa = PBXFileReference; lastKnownFileType = file.storyboard; name = Base; path = Base.lproj/LaunchScreen.storyboard; sourceTree = "<group>"; };
		1F749EE4216DB94E00ECBF4A /* Info.plist */ = {isa = PBXFileReference; lastKnownFileType = text.plist.xml; path = Info.plist; sourceTree = "<group>"; };
/* End PBXFileReference section */

/* Begin PBXFrameworksBuildPhase section */
		1F749ECF216DB94500ECBF4A /* Frameworks */ = {
			isa = PBXFrameworksBuildPhase;
			buildActionMask = 2147483647;
			files = (
			);
			runOnlyForDeploymentPostprocessing = 0;
		};
/* End PBXFrameworksBuildPhase section */

/* Begin PBXGroup section */
		1F749EC9216DB94500ECBF4A = {
			isa = PBXGroup;
			children = (
				1F749ED4216DB94500ECBF4A /* Alamofire123 */,
				1F749ED3216DB94500ECBF4A /* Products */,
			);
			sourceTree = "<group>";
		};
		1F749ED3216DB94500ECBF4A /* Products */ = {
			isa = PBXGroup;
			children = (
				1F749ED2216DB94500ECBF4A /* Alamofire123.app */,
			);
			name = Products;
			sourceTree = "<group>";
		};
		1F749ED4216DB94500ECBF4A /* Alamofire123 */ = {
			isa = PBXGroup;
			children = (
				1F749ED5216DB94500ECBF4A /* AppDelegate.swift */,
				1F749ED7216DB94500ECBF4A /* ViewController.swift */,
				1F749ED9216DB94500ECBF4A /* Main.storyboard */,
				1F749EDF216DB94E00ECBF4A /* Assets.xcassets */,
				1F749EE1216DB94E00ECBF4A /* LaunchScreen.storyboard */,
				1F749EE4216DB94E00ECBF4A /* Info.plist */,
				1F749EDC216DB94500ECBF4A /* Alamofire123.xcdatamodeld */,
			);
			path = Alamofire123;
			sourceTree = "<group>";
		};
/* End PBXGroup section */

/* Begin PBXNativeTarget section */
		1F749ED1216DB94500ECBF4A /* Alamofire123 */ = {
			isa = PBXNativeTarget;
			buildConfigurationList = 1F749EE7216DB94E00ECBF4A /* Build configuration list for PBXNativeTarget "Alamofire123" */;
			buildPhases = (
				1F749ECE216DB94500ECBF4A /* Sources */,
				1F749ECF216DB94500ECBF4A /* Frameworks */,
				1F749ED0216DB94500ECBF4A /* Resources */,
			);
			buildRules = (
			);
			dependencies = (
			);
			name = Alamofire123;
			productName = Alamofire123;
			productReference = 1F749ED2216DB94500ECBF4A /* Alamofire123.app */;
			productType = "com.apple.product-type.application";
		};
/* End PBXNativeTarget section */

/* Begin PBXProject section */
		1F749ECA216DB94500ECBF4A /* Project object */ = {
			isa = PBXProject;
			attributes = {
				LastSwiftUpdateCheck = 0940;
				LastUpgradeCheck = 0940;
				ORGANIZATIONNAME = XongoLab;
				TargetAttributes = {
					1F749ED1216DB94500ECBF4A = {
						CreatedOnToolsVersion = 9.4.1;
					};
				};
			};
			buildConfigurationList = 1F749ECD216DB94500ECBF4A /* Build configuration list for PBXProject "Alamofire123" */;
			compatibilityVersion = "Xcode 9.3";
			developmentRegion = en;
			hasScannedForEncodings = 0;
			knownRegions = (
				en,
				Base,
			);
			mainGroup = 1F749EC9216DB94500ECBF4A;
			productRefGroup = 1F749ED3216DB94500ECBF4A /* Products */;
			projectDirPath = "";
			projectRoot = "";
			targets = (
				1F749ED1216DB94500ECBF4A /* Alamofire123 */,
			);
		};
/* End PBXProject section */

/* Begin PBXResourcesBuildPhase section */
		1F749ED0216DB94500ECBF4A /* Resources */ = {
			isa = PBXResourcesBuildPhase;
			buildActionMask = 2147483647;
			files = (
				1F749EE3216DB94E00ECBF4A /* LaunchScreen.storyboard in Resources */,
				1F749EE0216DB94E00ECBF4A /* Assets.xcassets in Resources */,
				1F749EDB216DB94500ECBF4A /* Main.storyboard in Resources */,
			);
			runOnlyForDeploymentPostprocessing = 0;
		};
/* End PBXResourcesBuildPhase section */

/* Begin PBXSourcesBuildPhase section */
		1F749ECE216DB94500ECBF4A /* Sources */ = {
			isa = PBXSourcesBuildPhase;
			buildActionMask = 2147483647;
			files = (
				1F749EDE216DB94500ECBF4A /* Alamofire123.xcdatamodeld in Sources */,
				1F749ED8216DB94500ECBF4A /* ViewController.swift in Sources */,
				1F749ED6216DB94500ECBF4A /* AppDelegate.swift in Sources */,
			);
			runOnlyForDeploymentPostprocessing = 0;
		};
/* End PBXSourcesBuildPhase section */

/* Begin PBXVariantGroup section */
		1F749ED9216DB94500ECBF4A /* Main.storyboard */ = {
			isa = PBXVariantGroup;
			children = (
				1F749EDA216DB94500ECBF4A /* Base */,
			);
			name = Main.storyboard;
			sourceTree = "<group>";
		};
		1F749EE1216DB94E00ECBF4A /* LaunchScreen.storyboard */ = {
			isa = PBXVariantGroup;
			children = (
				1F749EE2216DB94E00ECBF4A /* Base */,
			);
			name = LaunchScreen.storyboard;
			sourceTree = "<group>";
		};
/* End PBXVariantGroup section */

/* Begin XCBuildConfiguration section */
		1F749EE5216DB94E00ECBF4A /* Debug */ = {
			isa = XCBuildConfiguration;
			buildSettings = {
				ALWAYS_SEARCH_USER_PATHS = NO;
				CLANG_ANALYZER_NONNULL = YES;
				CLANG_ANALYZER_NUMBER_OBJECT_CONVERSION = YES_AGGRESSIVE;
				CLANG_CXX_LANGUAGE_STANDARD = "gnu++14";
				CLANG_CXX_LIBRARY = "libc++";
				CLANG_ENABLE_MODULES = YES;
				CLANG_ENABLE_OBJC_ARC = YES;
				CLANG_ENABLE_OBJC_WEAK = YES;
				CLANG_WARN_BLOCK_CAPTURE_AUTORELEASING = YES;
				CLANG_WARN_BOOL_CONVERSION = YES;
				CLANG_WARN_COMMA = YES;
				CLANG_WARN_CONSTANT_CONVERSION = YES;
				CLANG_WARN_DEPRECATED_OBJC_IMPLEMENTATIONS = YES;
				CLANG_WARN_DIRECT_OBJC_ISA_USAGE = YES_ERROR;
				CLANG_WARN_DOCUMENTATION_COMMENTS = YES;
				CLANG_WARN_EMPTY_BODY = YES;
				CLANG_WARN_ENUM_CONVERSION = YES;
				CLANG_WARN_INFINITE_RECURSION = YES;
				CLANG_WARN_INT_CONVERSION = YES;
				CLANG_WARN_NON_LITERAL_NULL_CONVERSION = YES;
				CLANG_WARN_OBJC_IMPLICIT_RETAIN_SELF = YES;
				CLANG_WARN_OBJC_LITERAL_CONVERSION = YES;
				CLANG_WARN_OBJC_ROOT_CLASS = YES_ERROR;
				CLANG_WARN_RANGE_LOOP_ANALYSIS = YES;
				CLANG_WARN_STRICT_PROTOTYPES = YES;
				CLANG_WARN_SUSPICIOUS_MOVE = YES;
				CLANG_WARN_UNGUARDED_AVAILABILITY = YES_AGGRESSIVE;
				CLANG_WARN_UNREACHABLE_CODE = YES;
				CLANG_WARN__DUPLICATE_METHOD_MATCH = YES;
				CODE_SIGN_IDENTITY = "iPhone Developer";
				COPY_PHASE_STRIP = NO;
				DEBUG_INFORMATION_FORMAT = dwarf;
				ENABLE_STRICT_OBJC_MSGSEND = YES;
				ENABLE_TESTABILITY = YES;
				GCC_C_LANGUAGE_STANDARD = gnu11;
				GCC_DYNAMIC_NO_PIC = NO;
				GCC_NO_COMMON_BLOCKS = YES;
				GCC_OPTIMIZATION_LEVEL = 0;
				GCC_PREPROCESSOR_DEFINITIONS = (
					"DEBUG=1",
					"$(inherited)",
				);
				GCC_WARN_64_TO_32_BIT_CONVERSION = YES;
				GCC_WARN_ABOUT_RETURN_TYPE = YES_ERROR;
				GCC_WARN_UNDECLARED_SELECTOR = YES;
				GCC_WARN_UNINITIALIZED_AUTOS = YES_AGGRESSIVE;
				GCC_WARN_UNUSED_FUNCTION = YES;
				GCC_WARN_UNUSED_VARIABLE = YES;
				IPHONEOS_DEPLOYMENT_TARGET = 11.4;
				MTL_ENABLE_DEBUG_INFO = YES;
				ONLY_ACTIVE_ARCH = YES;
				SDKROOT = iphoneos;
				SWIFT_ACTIVE_COMPILATION_CONDITIONS = DEBUG;
				SWIFT_OPTIMIZATION_LEVEL = "-Onone";
			};
			name = Debug;
		};
		1F749EE6216DB94E00ECBF4A /* Release */ = {
			isa = XCBuildConfiguration;
			buildSettings = {
				ALWAYS_SEARCH_USER_PATHS = NO;
				CLANG_ANALYZER_NONNULL = YES;
				CLANG_ANALYZER_NUMBER_OBJECT_CONVERSION = YES_AGGRESSIVE;
				CLANG_CXX_LANGUAGE_STANDARD = "gnu++14";
				CLANG_CXX_LIBRARY = "libc++";
				CLANG_ENABLE_MODULES = YES;
				CLANG_ENABLE_OBJC_ARC = YES;
				CLANG_ENABLE_OBJC_WEAK = YES;
				CLANG_WARN_BLOCK_CAPTURE_AUTORELEASING = YES;
				CLANG_WARN_BOOL_CONVERSION = YES;
				CLANG_WARN_COMMA = YES;
				CLANG_WARN_CONSTANT_CONVERSION = YES;
				CLANG_WARN_DEPRECATED_OBJC_IMPLEMENTATIONS = YES;
				CLANG_WARN_DIRECT_OBJC_ISA_USAGE = YES_ERROR;
				CLANG_WARN_DOCUMENTATION_COMMENTS = YES;
				CLANG_WARN_EMPTY_BODY = YES;
				CLANG_WARN_ENUM_CONVERSION = YES;
				CLANG_WARN_INFINITE_RECURSION = YES;
				CLANG_WARN_INT_CONVERSION = YES;
				CLANG_WARN_NON_LITERAL_NULL_CONVERSION = YES;
				CLANG_WARN_OBJC_IMPLICIT_RETAIN_SELF = YES;
				CLANG_WARN_OBJC_LITERAL_CONVERSION = YES;
				CLANG_WARN_OBJC_ROOT_CLASS = YES_ERROR;
				CLANG_WARN_RANGE_LOOP_ANALYSIS = YES;
				CLANG_WARN_STRICT_PROTOTYPES = YES;
				CLANG_WARN_SUSPICIOUS_MOVE = YES;
				CLANG_WARN_UNGUARDED_AVAILABILITY = YES_AGGRESSIVE;
				CLANG_WARN_UNREACHABLE_CODE = YES;
				CLANG_WARN__DUPLICATE_METHOD_MATCH = YES;
				CODE_SIGN_IDENTITY = "iPhone Developer";
				COPY_PHASE_STRIP = NO;
				DEBUG_INFORMATION_FORMAT = "dwarf-with-dsym";
				ENABLE_NS_ASSERTIONS = NO;
				ENABLE_STRICT_OBJC_MSGSEND = YES;
				GCC_C_LANGUAGE_STANDARD = gnu11;
				GCC_NO_COMMON_BLOCKS = YES;
				GCC_WARN_64_TO_32_BIT_CONVERSION = YES;
				GCC_WARN_ABOUT_RETURN_TYPE = YES_ERROR;
				GCC_WARN_UNDECLARED_SELECTOR = YES;
				GCC_WARN_UNINITIALIZED_AUTOS = YES_AGGRESSIVE;
				GCC_WARN_UNUSED_FUNCTION = YES;
				GCC_WARN_UNUSED_VARIABLE = YES;
				IPHONEOS_DEPLOYMENT_TARGET = 11.4;
				MTL_ENABLE_DEBUG_INFO = NO;
				SDKROOT = iphoneos;
				SWIFT_COMPILATION_MODE = wholemodule;
				SWIFT_OPTIMIZATION_LEVEL = "-O";
				VALIDATE_PRODUCT = YES;
			};
			name = Release;
		};
		1F749EE8216DB94E00ECBF4A /* Debug */ = {
			isa = XCBuildConfiguration;
			buildSettings = {
				ASSETCATALOG_COMPILER_APPICON_NAME = AppIcon;
				CODE_SIGN_STYLE = Automatic;
				INFOPLIST_FILE = Alamofire123/Info.plist;
				LD_RUNPATH_SEARCH_PATHS = (
					"$(inherited)",
					"@executable_path/Frameworks",
				);
				PRODUCT_BUNDLE_IDENTIFIER = com.xl.Alamofire123;
				PRODUCT_NAME = "$(TARGET_NAME)";
				SWIFT_VERSION = 4.0;
				TARGETED_DEVICE_FAMILY = "1,2";
			};
			name = Debug;
		};
		1F749EE9216DB94E00ECBF4A /* Release */ = {
			isa = XCBuildConfiguration;
			buildSettings = {
				ASSETCATALOG_COMPILER_APPICON_NAME = AppIcon;
				CODE_SIGN_STYLE = Automatic;
				INFOPLIST_FILE = Alamofire123/Info.plist;
				LD_RUNPATH_SEARCH_PATHS = (
					"$(inherited)",
					"@executable_path/Frameworks",
				);
				PRODUCT_BUNDLE_IDENTIFIER = com.xl.Alamofire123;
				PRODUCT_NAME = "$(TARGET_NAME)";
				SWIFT_VERSION = 4.0;
				TARGETED_DEVICE_FAMILY = "1,2";
			};
			name = Release;
		};
/* End XCBuildConfiguration section */

/* Begin XCConfigurationList section */
		1F749ECD216DB94500ECBF4A /* Build configuration list for PBXProject "Alamofire123" */ = {
			isa = XCConfigurationList;
			buildConfigurations = (
				1F749EE5216DB94E00ECBF4A /* Debug */,
				1F749EE6216DB94E00ECBF4A /* Release */,
			);
			defaultConfigurationIsVisible = 0;
			defaultConfigurationName = Release;
		};
		1F749EE7216DB94E00ECBF4A /* Build configuration list for PBXNativeTarget "Alamofire123" */ = {
			isa = XCConfigurationList;
			buildConfigurations = (
				1F749EE8216DB94E00ECBF4A /* Debug */,
				1F749EE9216DB94E00ECBF4A /* Release */,
			);
			defaultConfigurationIsVisible = 0;
			defaultConfigurationName = Release;
		};
/* End XCConfigurationList section */

/* Begin XCVersionGroup section */
		1F749EDC216DB94500ECBF4A /* Alamofire123.xcdatamodeld */ = {
			isa = XCVersionGroup;
			children = (
				1F749EDD216DB94500ECBF4A /* Alamofire123.xcdatamodel */,
			);
			currentVersion = 1F749EDD216DB94500ECBF4A /* Alamofire123.xcdatamodel */;
			path = Alamofire123.xcdatamodeld;
			sourceTree = "<group>";
			versionGroupType = wrapper.xcdatamodel;
		};
/* End XCVersionGroup section */
	};
	rootObject = 1F749ECA216DB94500ECBF4A /* Project object */;
}
